
Microsoft Visual Studio Solution File, Format Version 12.00
# Visual Studio Version 17
VisualStudioVersion = 17.8.34330.188
MinimumVisualStudioVersion = 10.0.40219.1
Project("{FAE04EC0-301F-11D3-BF4B-00C04F79EFBC}") = "nexle_api", "nexle_api\nexle_api.csproj", "{0BC17E4A-02E4-45E7-96F0-CAE38B531F54}"
EndProject
Project("{FAE04EC0-301F-11D3-BF4B-00C04F79EFBC}") = "nexle_api.Tests", "nexle_api.Tests\nexle_api.Tests.csproj", "{6EF75156-EA60-4C87-83B2-C53BD1DC7969}"
EndProject
Global
	GlobalSection(SolutionConfigurationPlatforms) = preSolution
		Debug|Any CPU = Debug|Any CPU
		Release|Any CPU = Release|Any CPU
	EndGlobalSection
	GlobalSection(ProjectConfigurationPlatforms) = postSolution
		{0BC17E4A-02E4-45E7-96F0-CAE38B531F54}.Debug|Any CPU.ActiveCfg = Debug|Any CPU
		{0BC17E4A-02E4-45E7-96F0-CAE38B531F54}.Debug|Any CPU.Build.0 = Debug|Any CPU
		{0BC17E4A-02E4-45E7-96F0-CAE38B531F54}.Release|Any CPU.ActiveCfg = Release|Any CPU
		{0BC17E4A-02E4-45E7-96F0-CAE38B531F54}.Release|Any CPU.Build.0 = Release|Any CPU
		{6EF75156-EA60-4C87-83B2-C53BD1DC7969}.Debug|Any CPU.ActiveCfg = Debug|Any CPU
		{6EF75156-EA60-4C87-83B2-C53BD1DC7969}.Debug|Any CPU.Build.0 = Debug|Any CPU
		{6EF75156-EA60-4C87-83B2-C53BD1DC7969}.Release|Any CPU.ActiveCfg = Release|Any CPU
		{6EF75156-EA60-4C87-83B2-C53BD1DC7969}.Release|Any CPU.Build.0 = Release|Any CPU
	EndGlobalSection
	GlobalSection(SolutionProperties) = preSolution
		HideSolutionNode = FALSE
	EndGlobalSection
	GlobalSection(ExtensibilityGlobals) = postSolution
		SolutionGuid = {FB802C01-A644-451D-89D1-1E5F3E34EA8D}
	EndGlobalSection
EndGlobal
